{
  "name": "readeraccess",
  "version": "1.0.0",
  "lockfileVersion": 2,
  "requires": true,
  "packages": {
    "": {
      "name": "readeraccess",
      "version": "1.0.0",
      "license": "ISC",
      "dependencies": {
        "@types/wicg-file-system-access": "^2020.9.5",
        "@zip.js/zip.js": "^2.6.75"
      }
    },
    "node_modules/@types/wicg-file-system-access": {
      "version": "2020.9.5",
      "resolved": "https://registry.npmjs.org/@types/wicg-file-system-access/-/wicg-file-system-access-2020.9.5.tgz",
      "integrity": "sha512-UYK244awtmcUYQfs7FR8710MJcefL2WvkyHMjA8yJzxd1mo0Gfn88sRZ1Bls7hiUhA2w7ne1gpJ9T5g3G0wOyA=="
    },
    "node_modules/@zip.js/zip.js": {
      "version": "2.6.75",
      "resolved": "https://registry.npmjs.org/@zip.js/zip.js/-/zip.js-2.6.75.tgz",
      "integrity": "sha512-WiEdU77n4xJgESpYsqnY+K8ZZHcpmJ8Ho+2scGzgioj7IF8YR4V7tly+a8qL4msNwh67FbFT52zzv9Te2eAByQ==",
      "engines": {
        "deno": ">=1.0.0",
        "node": ">=16.5.0"
      }
    }
  },
  "dependencies": {
    "@types/wicg-file-system-access": {
      "version": "2020.9.5",
      "resolved": "https://registry.npmjs.org/@types/wicg-file-system-access/-/wicg-file-system-access-2020.9.5.tgz",
      "integrity": "sha512-UYK244awtmcUYQfs7FR8710MJcefL2WvkyHMjA8yJzxd1mo0Gfn88sRZ1Bls7hiUhA2w7ne1gpJ9T5g3G0wOyA=="
    },
    "@zip.js/zip.js": {
      "version": "2.6.75",
      "resolved": "https://registry.npmjs.org/@zip.js/zip.js/-/zip.js-2.6.75.tgz",
      "integrity": "sha512-WiEdU77n4xJgESpYsqnY+K8ZZHcpmJ8Ho+2scGzgioj7IF8YR4V7tly+a8qL4msNwh67FbFT52zzv9Te2eAByQ=="
    }
  }
}
